
Microsoft Visual Studio Solution File, Format Version 12.00
# Visual Studio Version 16
VisualStudioVersion = 16.0.31424.327
MinimumVisualStudioVersion = 10.0.40219.1
Project("{FAE04EC0-301F-11D3-BF4B-00C04F79EFBC}") = "Cross_Inform", "Cross_Inform\Cross_Inform.csproj", "{024C93FA-5289-4DA2-BFA8-34EA5B2C02F4}"
EndProject
Global
	GlobalSection(SolutionConfigurationPlatforms) = preSolution
		Debug|Any CPU = Debug|Any CPU
		Release|Any CPU = Release|Any CPU
	EndGlobalSection
	GlobalSection(ProjectConfigurationPlatforms) = postSolution
		{024C93FA-5289-4DA2-BFA8-34EA5B2C02F4}.Debug|Any CPU.ActiveCfg = Debug|Any CPU
		{024C93FA-5289-4DA2-BFA8-34EA5B2C02F4}.Debug|Any CPU.Build.0 = Debug|Any CPU
		{024C93FA-5289-4DA2-BFA8-34EA5B2C02F4}.Release|Any CPU.ActiveCfg = Release|Any CPU
		{024C93FA-5289-4DA2-BFA8-34EA5B2C02F4}.Release|Any CPU.Build.0 = Release|Any CPU
	EndGlobalSection
	GlobalSection(SolutionProperties) = preSolution
		HideSolutionNode = FALSE
	EndGlobalSection
	GlobalSection(ExtensibilityGlobals) = postSolution
		SolutionGuid = {013A8807-B135-4E69-80A1-A7770CB93D7E}
	EndGlobalSection
EndGlobal
